
Microsoft Visual Studio Solution File, Format Version 12.00
Project("{F2A71F9B-5D33-465A-A702-920D77279786}") = "MessingUp", "MessingUp\MessingUp.fsproj", "{EE448B1B-5F42-4A65-98A1-73EDCF6F3757}"
EndProject
Project("{2150E333-8FDC-42A3-9474-1A3956D46DE8}") = "Solution Items", "Solution Items", "{32F3784F-DA0E-4F8B-A7CA-346E41A6A009}"
ProjectSection(SolutionItems) = preProject
	README.md = README.md
	.gitignore = .gitignore
EndProjectSection
EndProject
Project("{2150E333-8FDC-42A3-9474-1A3956D46DE8}") = ".github", ".github", "{6A262A2E-0314-4BF2-B3A2-DC222A231B1D}"
EndProject
Project("{2150E333-8FDC-42A3-9474-1A3956D46DE8}") = "workflows", "workflows", "{17A2C405-A316-4679-B3E4-77704558F90D}"
ProjectSection(SolutionItems) = preProject
	.github\workflows\build.yml = .github\workflows\build.yml
	.github\workflows\commitlint.yml = .github\workflows\commitlint.yml
EndProjectSection
EndProject
Project("{F2A71F9B-5D33-465A-A702-920D77279786}") = "MessingUp.Tests", "MessingUp.Tests\MessingUp.Tests.fsproj", "{09DFE9CF-B3F7-4277-9DE5-D950997CFBFD}"
EndProject
Global
	GlobalSection(SolutionConfigurationPlatforms) = preSolution
		Debug|Any CPU = Debug|Any CPU
		Release|Any CPU = Release|Any CPU
	EndGlobalSection
	GlobalSection(ProjectConfigurationPlatforms) = postSolution
		{EE448B1B-5F42-4A65-98A1-73EDCF6F3757}.Debug|Any CPU.ActiveCfg = Debug|Any CPU
		{EE448B1B-5F42-4A65-98A1-73EDCF6F3757}.Debug|Any CPU.Build.0 = Debug|Any CPU
		{EE448B1B-5F42-4A65-98A1-73EDCF6F3757}.Release|Any CPU.ActiveCfg = Release|Any CPU
		{EE448B1B-5F42-4A65-98A1-73EDCF6F3757}.Release|Any CPU.Build.0 = Release|Any CPU
		{09DFE9CF-B3F7-4277-9DE5-D950997CFBFD}.Debug|Any CPU.ActiveCfg = Debug|Any CPU
		{09DFE9CF-B3F7-4277-9DE5-D950997CFBFD}.Debug|Any CPU.Build.0 = Debug|Any CPU
		{09DFE9CF-B3F7-4277-9DE5-D950997CFBFD}.Release|Any CPU.ActiveCfg = Release|Any CPU
		{09DFE9CF-B3F7-4277-9DE5-D950997CFBFD}.Release|Any CPU.Build.0 = Release|Any CPU
	EndGlobalSection
	GlobalSection(NestedProjects) = preSolution
		{6A262A2E-0314-4BF2-B3A2-DC222A231B1D} = {32F3784F-DA0E-4F8B-A7CA-346E41A6A009}
		{17A2C405-A316-4679-B3E4-77704558F90D} = {6A262A2E-0314-4BF2-B3A2-DC222A231B1D}
	EndGlobalSection
EndGlobal
